// !$*UTF8*$!
{
	archiveVersion = 1;
	classes = {
	};
	objectVersion = 46;
	objects = {

/* Begin PBXBuildFile section */
		678573AE157FF2CA0055FD69 /* UIKit.framework in Frameworks */ = {isa = PBXBuildFile; fileRef = 678573AD157FF2CA0055FD69 /* UIKit.framework */; };
		678573B0157FF2CA0055FD69 /* Foundation.framework in Frameworks */ = {isa = PBXBuildFile; fileRef = 678573AF157FF2CA0055FD69 /* Foundation.framework */; };
		678573B2157FF2CA0055FD69 /* CoreGraphics.framework in Frameworks */ = {isa = PBXBuildFile; fileRef = 678573B1157FF2CA0055FD69 /* CoreGraphics.framework */; };
		678573B8157FF2CA0055FD69 /* InfoPlist.strings in Resources */ = {isa = PBXBuildFile; fileRef = 678573B6157FF2CA0055FD69 /* InfoPlist.strings */; };
		678573BA157FF2CA0055FD69 /* main.m in Sources */ = {isa = PBXBuildFile; fileRef = 678573B9157FF2CA0055FD69 /* main.m */; };
		678573BE157FF2CA0055FD69 /* AppDelegate.m in Sources */ = {isa = PBXBuildFile; fileRef = 678573BD157FF2CA0055FD69 /* AppDelegate.m */; };
		678573C6157FF2CA0055FD69 /* SenTestingKit.framework in Frameworks */ = {isa = PBXBuildFile; fileRef = 678573C5157FF2CA0055FD69 /* SenTestingKit.framework */; };
		678573C7157FF2CA0055FD69 /* UIKit.framework in Frameworks */ = {isa = PBXBuildFile; fileRef = 678573AD157FF2CA0055FD69 /* UIKit.framework */; };
		678573C8157FF2CA0055FD69 /* Foundation.framework in Frameworks */ = {isa = PBXBuildFile; fileRef = 678573AF157FF2CA0055FD69 /* Foundation.framework */; };
		678573D0157FF2CA0055FD69 /* InfoPlist.strings in Resources */ = {isa = PBXBuildFile; fileRef = 678573CE157FF2CA0055FD69 /* InfoPlist.strings */; };
		678573D3157FF2CA0055FD69 /* JUN6Tests.m in Sources */ = {isa = PBXBuildFile; fileRef = 678573D2157FF2CA0055FD69 /* JUN6Tests.m */; };
/* End PBXBuildFile section */

/* Begin PBXContainerItemProxy section */
		678573C9157FF2CA0055FD69 /* PBXContainerItemProxy */ = {
			isa = PBXContainerItemProxy;
			containerPortal = 678573A0157FF2CA0055FD69 /* Project object */;
			proxyType = 1;
			remoteGlobalIDString = 678573A8157FF2CA0055FD69;
			remoteInfo = JUN6;
		};
/* End PBXContainerItemProxy section */

/* Begin PBXFileReference section */
		678573A9157FF2CA0055FD69 /* JUN6.app */ = {isa = PBXFileReference; explicitFileType = wrapper.application; includeInIndex = 0; path = JUN6.app; sourceTree = BUILT_PRODUCTS_DIR; };
		678573AD157FF2CA0055FD69 /* UIKit.framework */ = {isa = PBXFileReference; lastKnownFileType = wrapper.framework; name = UIKit.framework; path = System/Library/Frameworks/UIKit.framework; sourceTree = SDKROOT; };
		678573AF157FF2CA0055FD69 /* Foundation.framework */ = {isa = PBXFileReference; lastKnownFileType = wrapper.framework; name = Foundation.framework; path = System/Library/Frameworks/Foundation.framework; sourceTree = SDKROOT; };
		678573B1157FF2CA0055FD69 /* CoreGraphics.framework */ = {isa = PBXFileReference; lastKnownFileType = wrapper.framework; name = CoreGraphics.framework; path = System/Library/Frameworks/CoreGraphics.framework; sourceTree = SDKROOT; };
		678573B5157FF2CA0055FD69 /* JUN6-Info.plist */ = {isa = PBXFileReference; path = "JUN6-Info.plist"; sourceTree = "<group>"; };
		678573B7157FF2CA0055FD69 /* en */ = {isa = PBXFileReference; lastKnownFileType = text.plist.strings; name = en; path = en.lproj/InfoPlist.strings; sourceTree = "<group>"; };
		678573B9157FF2CA0055FD69 /* main.m */ = {isa = PBXFileReference; lastKnownFileType = sourcecode.c.objc; path = main.m; sourceTree = "<group>"; };
		678573BB157FF2CA0055FD69 /* JUN6-Prefix.pch */ = {isa = PBXFileReference; path = "JUN6-Prefix.pch"; sourceTree = "<group>"; };
		678573BC157FF2CA0055FD69 /* AppDelegate.h */ = {isa = PBXFileReference; path = AppDelegate.h; sourceTree = "<group>"; };
		678573BD157FF2CA0055FD69 /* AppDelegate.m */ = {isa = PBXFileReference; lastKnownFileType = sourcecode.c.objc; path = AppDelegate.m; sourceTree = "<group>"; };
		678573C4157FF2CA0055FD69 /* JUN6Tests.octest */ = {isa = PBXFileReference; explicitFileType = wrapper.cfbundle; includeInIndex = 0; path = JUN6Tests.octest; sourceTree = BUILT_PRODUCTS_DIR; };
		678573C5157FF2CA0055FD69 /* SenTestingKit.framework */ = {isa = PBXFileReference; lastKnownFileType = wrapper.framework; name = SenTestingKit.framework; path = Library/Frameworks/SenTestingKit.framework; sourceTree = DEVELOPER_DIR; };
		678573CD157FF2CA0055FD69 /* JUN6Tests-Info.plist */ = {isa = PBXFileReference; path = "JUN6Tests-Info.plist"; sourceTree = "<group>"; };
		678573CF157FF2CA0055FD69 /* en */ = {isa = PBXFileReference; lastKnownFileType = text.plist.strings; name = en; path = en.lproj/InfoPlist.strings; sourceTree = "<group>"; };
		678573D1157FF2CA0055FD69 /* JUN6Tests.h */ = {isa = PBXFileReference; path = JUN6Tests.h; sourceTree = "<group>"; };
		678573D2157FF2CA0055FD69 /* JUN6Tests.m */ = {isa = PBXFileReference; lastKnownFileType = sourcecode.c.objc; path = JUN6Tests.m; sourceTree = "<group>"; };
/* End PBXFileReference section */

/* Begin PBXFrameworksBuildPhase section */
		678573A6157FF2CA0055FD69 /* Frameworks */ = {
			isa = PBXFrameworksBuildPhase;
			buildActionMask = 2147483647;
			files = (
				678573AE157FF2CA0055FD69 /* UIKit.framework in Frameworks */,
				678573B0157FF2CA0055FD69 /* Foundation.framework in Frameworks */,
				678573B2157FF2CA0055FD69 /* CoreGraphics.framework in Frameworks */,
			);
			runOnlyForDeploymentPostprocessing = 0;
		};
		678573C0157FF2CA0055FD69 /* Frameworks */ = {
			isa = PBXFrameworksBuildPhase;
			buildActionMask = 2147483647;
			files = (
				678573C6157FF2CA0055FD69 /* SenTestingKit.framework in Frameworks */,
				678573C7157FF2CA0055FD69 /* UIKit.framework in Frameworks */,
				678573C8157FF2CA0055FD69 /* Foundation.framework in Frameworks */,
			);
			runOnlyForDeploymentPostprocessing = 0;
		};
/* End PBXFrameworksBuildPhase section */

/* Begin PBXGroup section */
		6785739E157FF2CA0055FD69 = {
			isa = PBXGroup;
			children = (
				678573B3157FF2CA0055FD69 /* JUN6 */,
				678573CB157FF2CA0055FD69 /* JUN6Tests */,
				678573AC157FF2CA0055FD69 /* Frameworks */,
				678573AA157FF2CA0055FD69 /* Products */,
			);
			sourceTree = "<group>";
		};
		678573AA157FF2CA0055FD69 /* Products */ = {
			isa = PBXGroup;
			children = (
				678573A9157FF2CA0055FD69 /* JUN6.app */,
				678573C4157FF2CA0055FD69 /* JUN6Tests.octest */,
			);
			name = Products;
			sourceTree = "<group>";
		};
		678573AC157FF2CA0055FD69 /* Frameworks */ = {
			isa = PBXGroup;
			children = (
				678573AD157FF2CA0055FD69 /* UIKit.framework */,
				678573AF157FF2CA0055FD69 /* Foundation.framework */,
				678573B1157FF2CA0055FD69 /* CoreGraphics.framework */,
				678573C5157FF2CA0055FD69 /* SenTestingKit.framework */,
			);
			name = Frameworks;
			sourceTree = "<group>";
		};
		678573B3157FF2CA0055FD69 /* JUN6 */ = {
			isa = PBXGroup;
			children = (
				678573BC157FF2CA0055FD69 /* AppDelegate.h */,
				678573BD157FF2CA0055FD69 /* AppDelegate.m */,
				678573B4157FF2CA0055FD69 /* Supporting Files */,
			);
			path = JUN6;
			sourceTree = "<group>";
		};
		678573B4157FF2CA0055FD69 /* Supporting Files */ = {
			isa = PBXGroup;
			children = (
				678573B5157FF2CA0055FD69 /* JUN6-Info.plist */,
				678573B6157FF2CA0055FD69 /* InfoPlist.strings */,
				678573B9157FF2CA0055FD69 /* main.m */,
				678573BB157FF2CA0055FD69 /* JUN6-Prefix.pch */,
			);
			name = "Supporting Files";
			sourceTree = "<group>";
		};
		678573CB157FF2CA0055FD69 /* JUN6Tests */ = {
			isa = PBXGroup;
			children = (
				678573D1157FF2CA0055FD69 /* JUN6Tests.h */,
				678573D2157FF2CA0055FD69 /* JUN6Tests.m */,
				678573CC157FF2CA0055FD69 /* Supporting Files */,
			);
			path = JUN6Tests;
			sourceTree = "<group>";
		};
		678573CC157FF2CA0055FD69 /* Supporting Files */ = {
			isa = PBXGroup;
			children = (
				678573CD157FF2CA0055FD69 /* JUN6Tests-Info.plist */,
				678573CE157FF2CA0055FD69 /* InfoPlist.strings */,
			);
			name = "Supporting Files";
			sourceTree = "<group>";
		};
/* End PBXGroup section */

/* Begin PBXNativeTarget section */
		678573A8157FF2CA0055FD69 /* JUN6 */ = {
			isa = PBXNativeTarget;
			buildConfigurationList = 678573D6157FF2CA0055FD69 /* Build configuration list for PBXNativeTarget "JUN6" */;
			buildPhases = (
				678573A5157FF2CA0055FD69 /* Sources */,
				678573A6157FF2CA0055FD69 /* Frameworks */,
				678573A7157FF2CA0055FD69 /* Resources */,
			);
			buildRules = (
			);
			dependencies = (
			);
			name = JUN6;
			productName = JUN6;
			productReference = 678573A9157FF2CA0055FD69 /* JUN6.app */;
			productType = "com.apple.product-type.application";
		};
		678573C3157FF2CA0055FD69 /* JUN6Tests */ = {
			isa = PBXNativeTarget;
			buildConfigurationList = 678573D9157FF2CA0055FD69 /* Build configuration list for PBXNativeTarget "JUN6Tests" */;
			buildPhases = (
				678573BF157FF2CA0055FD69 /* Sources */,
				678573C0157FF2CA0055FD69 /* Frameworks */,
				678573C1157FF2CA0055FD69 /* Resources */,
				678573C2157FF2CA0055FD69 /* ShellScript */,
			);
			buildRules = (
			);
			dependencies = (
				678573CA157FF2CA0055FD69 /* PBXTargetDependency */,
			);
			name = JUN6Tests;
			productName = JUN6Tests;
			productReference = 678573C4157FF2CA0055FD69 /* JUN6Tests.octest */;
			productType = "com.apple.product-type.bundle";
		};
/* End PBXNativeTarget section */

/* Begin PBXProject section */
		678573A0157FF2CA0055FD69 /* Project object */ = {
			isa = PBXProject;
			attributes = {
				LastUpgradeCheck = 0430;
				ORGANIZATIONNAME = Concentric;
			};
			buildConfigurationList = 678573A3157FF2CA0055FD69 /* Build configuration list for PBXProject "JUN6" */;
			compatibilityVersion = "Xcode 3.2";
			developmentRegion = English;
			hasScannedForEncodings = 0;
			knownRegions = (
				en,
			);
			mainGroup = 6785739E157FF2CA0055FD69;
			productRefGroup = 678573AA157FF2CA0055FD69 /* Products */;
			projectDirPath = "";
			projectRoot = "";
			targets = (
				678573A8157FF2CA0055FD69 /* JUN6 */,
				678573C3157FF2CA0055FD69 /* JUN6Tests */,
			);
		};
/* End PBXProject section */

/* Begin PBXResourcesBuildPhase section */
		678573A7157FF2CA0055FD69 /* Resources */ = {
			isa = PBXResourcesBuildPhase;
			buildActionMask = 2147483647;
			files = (
				678573B8157FF2CA0055FD69 /* InfoPlist.strings in Resources */,
			);
			runOnlyForDeploymentPostprocessing = 0;
		};
		678573C1157FF2CA0055FD69 /* Resources */ = {
			isa = PBXResourcesBuildPhase;
			buildActionMask = 2147483647;
			files = (
				678573D0157FF2CA0055FD69 /* InfoPlist.strings in Resources */,
			);
			runOnlyForDeploymentPostprocessing = 0;
		};
/* End PBXResourcesBuildPhase section */

/* Begin PBXShellScriptBuildPhase section */
		678573C2157FF2CA0055FD69 /* ShellScript */ = {
			isa = PBXShellScriptBuildPhase;
			buildActionMask = 2147483647;
			files = (
			);
			inputPaths = (
			);
			outputPaths = (
			);
			runOnlyForDeploymentPostprocessing = 0;
			shellPath = /bin/sh;
			shellScript = "# Run the unit tests in this test bundle.\n\"${SYSTEM_DEVELOPER_DIR}/Tools/RunUnitTests\"\n";
		};
/* End PBXShellScriptBuildPhase section */

/* Begin PBXSourcesBuildPhase section */
		678573A5157FF2CA0055FD69 /* Sources */ = {
			isa = PBXSourcesBuildPhase;
			buildActionMask = 2147483647;
			files = (
				678573BA157FF2CA0055FD69 /* main.m in Sources */,
				678573BE157FF2CA0055FD69 /* AppDelegate.m in Sources */,
			);
			runOnlyForDeploymentPostprocessing = 0;
		};
		678573BF157FF2CA0055FD69 /* Sources */ = {
			isa = PBXSourcesBuildPhase;
			buildActionMask = 2147483647;
			files = (
				678573D3157FF2CA0055FD69 /* JUN6Tests.m in Sources */,
			);
			runOnlyForDeploymentPostprocessing = 0;
		};
/* End PBXSourcesBuildPhase section */

/* Begin PBXTargetDependency section */
		678573CA157FF2CA0055FD69 /* PBXTargetDependency */ = {
			isa = PBXTargetDependency;
			target = 678573A8157FF2CA0055FD69 /* JUN6 */;
			targetProxy = 678573C9157FF2CA0055FD69 /* PBXContainerItemProxy */;
		};
/* End PBXTargetDependency section */

/* Begin PBXVariantGroup section */
		678573B6157FF2CA0055FD69 /* InfoPlist.strings */ = {
			isa = PBXVariantGroup;
			children = (
				678573B7157FF2CA0055FD69 /* en */,
			);
			name = InfoPlist.strings;
			sourceTree = "<group>";
		};
		678573CE157FF2CA0055FD69 /* InfoPlist.strings */ = {
			isa = PBXVariantGroup;
			children = (
				678573CF157FF2CA0055FD69 /* en */,
			);
			name = InfoPlist.strings;
			sourceTree = "<group>";
		};
/* End PBXVariantGroup section */

/* Begin XCBuildConfiguration section */
		678573D4157FF2CA0055FD69 /* Debug */ = {
			isa = XCBuildConfiguration;
			buildSettings = {
				ALWAYS_SEARCH_USER_PATHS = NO;
				ARCHS = "$(ARCHS_STANDARD_32_BIT)";
				CLANG_ENABLE_OBJC_ARC = YES;
				"CODE_SIGN_IDENTITY[sdk=iphoneos*]" = "iPhone Developer";
				COPY_PHASE_STRIP = NO;
				GCC_C_LANGUAGE_STANDARD = gnu99;
				GCC_DYNAMIC_NO_PIC = NO;
				GCC_OPTIMIZATION_LEVEL = 0;
				GCC_PREPROCESSOR_DEFINITIONS = (
					"DEBUG=1",
					"$(inherited)",
				);
				GCC_SYMBOLS_PRIVATE_EXTERN = NO;
				GCC_VERSION = com.apple.compilers.llvm.clang.1_0;
				GCC_WARN_ABOUT_RETURN_TYPE = YES;
				GCC_WARN_UNINITIALIZED_AUTOS = YES;
				GCC_WARN_UNUSED_VARIABLE = YES;
				IPHONEOS_DEPLOYMENT_TARGET = 5.1;
				SDKROOT = iphoneos;
				TARGETED_DEVICE_FAMILY = "1,2";
			};
			name = Debug;
		};
		678573D5157FF2CA0055FD69 /* Release */ = {
			isa = XCBuildConfiguration;
			buildSettings = {
				ALWAYS_SEARCH_USER_PATHS = NO;
				ARCHS = "$(ARCHS_STANDARD_32_BIT)";
				CLANG_ENABLE_OBJC_ARC = YES;
				"CODE_SIGN_IDENTITY[sdk=iphoneos*]" = "iPhone Developer";
				COPY_PHASE_STRIP = YES;
				GCC_C_LANGUAGE_STANDARD = gnu99;
				GCC_VERSION = com.apple.compilers.llvm.clang.1_0;
				GCC_WARN_ABOUT_RETURN_TYPE = YES;
				GCC_WARN_UNINITIALIZED_AUTOS = YES;
				GCC_WARN_UNUSED_VARIABLE = YES;
				IPHONEOS_DEPLOYMENT_TARGET = 5.1;
				OTHER_CFLAGS = "-DNS_BLOCK_ASSERTIONS=1";
				SDKROOT = iphoneos;
				TARGETED_DEVICE_FAMILY = "1,2";
				VALIDATE_PRODUCT = YES;
			};
			name = Release;
		};
		678573D7157FF2CA0055FD69 /* Debug */ = {
			isa = XCBuildConfiguration;
			buildSettings = {
				GCC_PRECOMPILE_PREFIX_HEADER = YES;
				GCC_PREFIX_HEADER = "JUN6/JUN6-Prefix.pch";
				INFOPLIST_FILE = "JUN6/JUN6-Info.plist";
				PRODUCT_NAME = "$(TARGET_NAME)";
				WRAPPER_EXTENSION = app;
			};
			name = Debug;
		};
		678573D8157FF2CA0055FD69 /* Release */ = {
			isa = XCBuildConfiguration;
			buildSettings = {
				GCC_PRECOMPILE_PREFIX_HEADER = YES;
				GCC_PREFIX_HEADER = "JUN6/JUN6-Prefix.pch";
				INFOPLIST_FILE = "JUN6/JUN6-Info.plist";
				PRODUCT_NAME = "$(TARGET_NAME)";
				WRAPPER_EXTENSION = app;
			};
			name = Release;
		};
		678573DA157FF2CA0055FD69 /* Debug */ = {
			isa = XCBuildConfiguration;
			buildSettings = {
				BUNDLE_LOADER = "$(BUILT_PRODUCTS_DIR)/JUN6.app/JUN6";
				FRAMEWORK_SEARCH_PATHS = (
					"$(SDKROOT)/Developer/Library/Frameworks",
					"$(DEVELOPER_LIBRARY_DIR)/Frameworks",
				);
				GCC_PRECOMPILE_PREFIX_HEADER = YES;
				GCC_PREFIX_HEADER = "JUN6/JUN6-Prefix.pch";
				INFOPLIST_FILE = "JUN6Tests/JUN6Tests-Info.plist";
				PRODUCT_NAME = "$(TARGET_NAME)";
				TEST_HOST = "$(BUNDLE_LOADER)";
				WRAPPER_EXTENSION = octest;
			};
			name = Debug;
		};
		678573DB157FF2CA0055FD69 /* Release */ = {
			isa = XCBuildConfiguration;
			buildSettings = {
				BUNDLE_LOADER = "$(BUILT_PRODUCTS_DIR)/JUN6.app/JUN6";
				FRAMEWORK_SEARCH_PATHS = (
					"$(SDKROOT)/Developer/Library/Frameworks",
					"$(DEVELOPER_LIBRARY_DIR)/Frameworks",
				);
				GCC_PRECOMPILE_PREFIX_HEADER = YES;
				GCC_PREFIX_HEADER = "JUN6/JUN6-Prefix.pch";
				INFOPLIST_FILE = "JUN6Tests/JUN6Tests-Info.plist";
				PRODUCT_NAME = "$(TARGET_NAME)";
				TEST_HOST = "$(BUNDLE_LOADER)";
				WRAPPER_EXTENSION = octest;
			};
			name = Release;
		};
/* End XCBuildConfiguration section */

/* Begin XCConfigurationList section */
		678573A3157FF2CA0055FD69 /* Build configuration list for PBXProject "JUN6" */ = {
			isa = XCConfigurationList;
			buildConfigurations = (
				678573D4157FF2CA0055FD69 /* Debug */,
				678573D5157FF2CA0055FD69 /* Release */,
			);
			defaultConfigurationIsVisible = 0;
			defaultConfigurationName = Release;
		};
		678573D6157FF2CA0055FD69 /* Build configuration list for PBXNativeTarget "JUN6" */ = {
			isa = XCConfigurationList;
			buildConfigurations = (
				678573D7157FF2CA0055FD69 /* Debug */,
				678573D8157FF2CA0055FD69 /* Release */,
			);
			defaultConfigurationIsVisible = 0;
		};
		678573D9157FF2CA0055FD69 /* Build configuration list for PBXNativeTarget "JUN6Tests" */ = {
			isa = XCConfigurationList;
			buildConfigurations = (
				678573DA157FF2CA0055FD69 /* Debug */,
				678573DB157FF2CA0055FD69 /* Release */,
			);
			defaultConfigurationIsVisible = 0;
		};
/* End XCConfigurationList section */
	};
	rootObject = 678573A0157FF2CA0055FD69 /* Project object */;
}
